
Microsoft Visual Studio Solution File, Format Version 12.00
# Visual Studio Version 17
VisualStudioVersion = 17.3.32922.545
MinimumVisualStudioVersion = 10.0.40219.1
Project("{FAE04EC0-301F-11D3-BF4B-00C04F79EFBC}") = "WPF_EF_Azure_CosmosDB", "WPF_EF_Azure_CosmosDB.csproj", "{4205194E-D084-4DBC-8C28-B6BDCAE92BD2}"
EndProject
Global
	GlobalSection(SolutionConfigurationPlatforms) = preSolution
		Debug|Any CPU = Debug|Any CPU
		Release|Any CPU = Release|Any CPU
	EndGlobalSection
	GlobalSection(ProjectConfigurationPlatforms) = postSolution
		{4205194E-D084-4DBC-8C28-B6BDCAE92BD2}.Debug|Any CPU.ActiveCfg = Debug|Any CPU
		{4205194E-D084-4DBC-8C28-B6BDCAE92BD2}.Debug|Any CPU.Build.0 = Debug|Any CPU
		{4205194E-D084-4DBC-8C28-B6BDCAE92BD2}.Release|Any CPU.ActiveCfg = Release|Any CPU
		{4205194E-D084-4DBC-8C28-B6BDCAE92BD2}.Release|Any CPU.Build.0 = Release|Any CPU
	EndGlobalSection
	GlobalSection(SolutionProperties) = preSolution
		HideSolutionNode = FALSE
	EndGlobalSection
	GlobalSection(ExtensibilityGlobals) = postSolution
		SolutionGuid = {896EE308-9129-4EAF-A619-DE56A44991BD}
	EndGlobalSection
EndGlobal
